
Microsoft Visual Studio Solution File, Format Version 12.00
# Visual Studio Version 16
VisualStudioVersion = 16.0.32106.194
MinimumVisualStudioVersion = 10.0.40219.1
Project("{FAE04EC0-301F-11D3-BF4B-00C04F79EFBC}") = "dumb-lang-test", "dumb-lang-test.csproj", "{15E25A67-0F7C-4DF1-9A23-E04156114B31}"
EndProject
Global
	GlobalSection(SolutionConfigurationPlatforms) = preSolution
		Debug|Any CPU = Debug|Any CPU
		Release|Any CPU = Release|Any CPU
	EndGlobalSection
	GlobalSection(ProjectConfigurationPlatforms) = postSolution
		{15E25A67-0F7C-4DF1-9A23-E04156114B31}.Debug|Any CPU.ActiveCfg = Debug|Any CPU
		{15E25A67-0F7C-4DF1-9A23-E04156114B31}.Debug|Any CPU.Build.0 = Debug|Any CPU
		{15E25A67-0F7C-4DF1-9A23-E04156114B31}.Release|Any CPU.ActiveCfg = Release|Any CPU
		{15E25A67-0F7C-4DF1-9A23-E04156114B31}.Release|Any CPU.Build.0 = Release|Any CPU
	EndGlobalSection
	GlobalSection(SolutionProperties) = preSolution
		HideSolutionNode = FALSE
	EndGlobalSection
	GlobalSection(ExtensibilityGlobals) = postSolution
		SolutionGuid = {C532F9A0-A5EA-41A2-8325-61A65D9D0246}
	EndGlobalSection
EndGlobal
